
Microsoft Visual Studio Solution File, Format Version 12.00
# Visual Studio Version 17
VisualStudioVersion = 17.7.34009.444
MinimumVisualStudioVersion = 10.0.40219.1
Project("{9A19103F-16F7-4668-BE54-9A1E7A4F7556}") = "GiaiMa", "test_code\GiaiMa.csproj", "{FEA4E8EA-5AA6-4E5D-BD66-BBFAC2B28BD8}"
EndProject
Global
	GlobalSection(SolutionConfigurationPlatforms) = preSolution
		Debug|Any CPU = Debug|Any CPU
		Release|Any CPU = Release|Any CPU
	EndGlobalSection
	GlobalSection(ProjectConfigurationPlatforms) = postSolution
		{FEA4E8EA-5AA6-4E5D-BD66-BBFAC2B28BD8}.Debug|Any CPU.ActiveCfg = Debug|Any CPU
		{FEA4E8EA-5AA6-4E5D-BD66-BBFAC2B28BD8}.Debug|Any CPU.Build.0 = Debug|Any CPU
		{FEA4E8EA-5AA6-4E5D-BD66-BBFAC2B28BD8}.Release|Any CPU.ActiveCfg = Release|Any CPU
		{FEA4E8EA-5AA6-4E5D-BD66-BBFAC2B28BD8}.Release|Any CPU.Build.0 = Release|Any CPU
	EndGlobalSection
	GlobalSection(SolutionProperties) = preSolution
		HideSolutionNode = FALSE
	EndGlobalSection
	GlobalSection(ExtensibilityGlobals) = postSolution
		SolutionGuid = {04B1866B-4BBD-44B6-B0AA-B9214427DFF6}
	EndGlobalSection
EndGlobal
